
Microsoft Visual Studio Solution File, Format Version 12.00
# Visual Studio Version 16
VisualStudioVersion = 16.0.31205.134
MinimumVisualStudioVersion = 10.0.40219.1
Project("{FAE04EC0-301F-11D3-BF4B-00C04F79EFBC}") = "ProductReviewManagement_LINQ", "ProductReviewManagement_LINQ.csproj", "{123D5222-119D-42BD-A05A-808B3F6D171B}"
EndProject
Project("{FAE04EC0-301F-11D3-BF4B-00C04F79EFBC}") = "LINQtoDataTableDemo", "..\LINQtoDataTableDemo\LINQtoDataTableDemo.csproj", "{DD548C04-EA82-4812-9D3E-5E30326E8044}"
EndProject
Global
	GlobalSection(SolutionConfigurationPlatforms) = preSolution
		Debug|Any CPU = Debug|Any CPU
		Release|Any CPU = Release|Any CPU
	EndGlobalSection
	GlobalSection(ProjectConfigurationPlatforms) = postSolution
		{123D5222-119D-42BD-A05A-808B3F6D171B}.Debug|Any CPU.ActiveCfg = Debug|Any CPU
		{123D5222-119D-42BD-A05A-808B3F6D171B}.Debug|Any CPU.Build.0 = Debug|Any CPU
		{123D5222-119D-42BD-A05A-808B3F6D171B}.Release|Any CPU.ActiveCfg = Release|Any CPU
		{123D5222-119D-42BD-A05A-808B3F6D171B}.Release|Any CPU.Build.0 = Release|Any CPU
		{DD548C04-EA82-4812-9D3E-5E30326E8044}.Debug|Any CPU.ActiveCfg = Debug|Any CPU
		{DD548C04-EA82-4812-9D3E-5E30326E8044}.Debug|Any CPU.Build.0 = Debug|Any CPU
		{DD548C04-EA82-4812-9D3E-5E30326E8044}.Release|Any CPU.ActiveCfg = Release|Any CPU
		{DD548C04-EA82-4812-9D3E-5E30326E8044}.Release|Any CPU.Build.0 = Release|Any CPU
	EndGlobalSection
	GlobalSection(SolutionProperties) = preSolution
		HideSolutionNode = FALSE
	EndGlobalSection
	GlobalSection(ExtensibilityGlobals) = postSolution
		SolutionGuid = {152C710A-428D-428C-8189-B308F92357E8}
	EndGlobalSection
EndGlobal
